
Microsoft Visual Studio Solution File, Format Version 12.00
# Visual Studio 14
VisualStudioVersion = 14.0.25420.1
MinimumVisualStudioVersion = 10.0.40219.1
Project("{2150E333-8FDC-42A3-9474-1A3956D46DE8}") = "src", "src", "{C18E9589-1969-4EBF-BC48-4CD40FBC9143}"
EndProject
Project("{2150E333-8FDC-42A3-9474-1A3956D46DE8}") = "Solution Items", "Solution Items", "{6290C693-66CE-4C41-9A72-8603B1AA0EC0}"
	ProjectSection(SolutionItems) = preProject
		global.json = global.json
	EndProjectSection
EndProject
Project("{8BB2217D-0F2D-49D1-97BC-3654ED321F3B}") = "2ºficha.html", "src\pagina1.html\2ºficha.html.xproj", "{F0FB7590-2B4E-41B0-A489-D7742B3EC10F}"
EndProject
Global
	GlobalSection(SolutionConfigurationPlatforms) = preSolution
		Debug|Any CPU = Debug|Any CPU
		Release|Any CPU = Release|Any CPU
	EndGlobalSection
	GlobalSection(ProjectConfigurationPlatforms) = postSolution
		{F0FB7590-2B4E-41B0-A489-D7742B3EC10F}.Debug|Any CPU.ActiveCfg = Debug|Any CPU
		{F0FB7590-2B4E-41B0-A489-D7742B3EC10F}.Debug|Any CPU.Build.0 = Debug|Any CPU
		{F0FB7590-2B4E-41B0-A489-D7742B3EC10F}.Release|Any CPU.ActiveCfg = Release|Any CPU
		{F0FB7590-2B4E-41B0-A489-D7742B3EC10F}.Release|Any CPU.Build.0 = Release|Any CPU
	EndGlobalSection
	GlobalSection(SolutionProperties) = preSolution
		HideSolutionNode = FALSE
	EndGlobalSection
	GlobalSection(NestedProjects) = preSolution
		{F0FB7590-2B4E-41B0-A489-D7742B3EC10F} = {C18E9589-1969-4EBF-BC48-4CD40FBC9143}
	EndGlobalSection
EndGlobal
